
Microsoft Visual Studio Solution File, Format Version 12.00
# Visual Studio Version 17
VisualStudioVersion = 17.9.34622.214
MinimumVisualStudioVersion = 10.0.40219.1
Project("{2150E333-8FDC-42A3-9474-1A3956D46DE8}") = "src", "src", "{4B9B8A66-A319-4434-B2BF-54F03652C64A}"
EndProject
Project("{2150E333-8FDC-42A3-9474-1A3956D46DE8}") = "Building Blocks", "Building Blocks", "{759377CC-B525-4DC8-AC91-2A38964243F5}"
EndProject
Project("{2150E333-8FDC-42A3-9474-1A3956D46DE8}") = "Services", "Services", "{84C497E5-2D58-4A0A-8DD9-09C3F9718A64}"
EndProject
Project("{2150E333-8FDC-42A3-9474-1A3956D46DE8}") = "Web", "Web", "{3FB543ED-6034-466E-911A-96F548E28A10}"
EndProject
Project("{2150E333-8FDC-42A3-9474-1A3956D46DE8}") = "Identidade", "Identidade", "{B7AEB6D8-6999-492D-B837-C0CCDC112B8D}"
EndProject
Project("{9A19103F-16F7-4668-BE54-9A1E7A4F7556}") = "NSE.Identidade.API", "src\services\NSE.Identidade.API\NSE.Identidade.API.csproj", "{A2E98440-12C0-4C51-B31F-0587915CC932}"
EndProject
Project("{2150E333-8FDC-42A3-9474-1A3956D46DE8}") = "MVC", "MVC", "{E76E8C5B-EA46-4C12-AF4B-19A2DDAA9AC0}"
EndProject
Project("{9A19103F-16F7-4668-BE54-9A1E7A4F7556}") = "NSE.WebApp.MVC", "src\web\NSE.WebApp.MVC\NSE.WebApp.MVC.csproj", "{A155F39D-9792-42AE-A521-0E80479821D1}"
EndProject
Project("{2150E333-8FDC-42A3-9474-1A3956D46DE8}") = "Core", "Core", "{E7D9AB16-4A74-4E55-9BA3-11DCDD1E68EC}"
EndProject
Project("{9A19103F-16F7-4668-BE54-9A1E7A4F7556}") = "NSE.Core", "src\building blocks\NSE.Core\NSE.Core.csproj", "{26FF11ED-EFED-40DD-9EE9-509389FE5009}"
EndProject
Project("{2150E333-8FDC-42A3-9474-1A3956D46DE8}") = "Carrinho", "Carrinho", "{C8422CB0-559A-4234-8378-F5455A8C9427}"
EndProject
Project("{9A19103F-16F7-4668-BE54-9A1E7A4F7556}") = "NSE.Carrinho.API", "src\services\NSE.Carrinho.API\NSE.Carrinho.API.csproj", "{F98E5BF0-671B-411F-BF53-97CB5161D9A5}"
EndProject
Project("{2150E333-8FDC-42A3-9474-1A3956D46DE8}") = "Catalogo", "Catalogo", "{31A5FE43-8985-44C7-A76B-4F27609D83F6}"
EndProject
Project("{9A19103F-16F7-4668-BE54-9A1E7A4F7556}") = "NSE.Catalogo.API", "src\services\NSE.Catalogo.API\NSE.Catalogo.API.csproj", "{C8B39635-6D9B-4767-B706-D855BD134898}"
EndProject
Project("{2150E333-8FDC-42A3-9474-1A3956D46DE8}") = "Cliente", "Cliente", "{A09B4C30-BA05-4A49-AF21-89A02E795952}"
EndProject
Project("{9A19103F-16F7-4668-BE54-9A1E7A4F7556}") = "NSE.Cliente.API", "src\services\NSE.Cliente.API\NSE.Cliente.API.csproj", "{61166F46-81A4-49A2-A63B-A693ADA3D2A6}"
EndProject
Project("{2150E333-8FDC-42A3-9474-1A3956D46DE8}") = "Pagamento", "Pagamento", "{4F0C1A42-1415-410A-AF3B-D2535A24AF37}"
EndProject
Project("{9A19103F-16F7-4668-BE54-9A1E7A4F7556}") = "NSE.Pagamento.API", "src\services\NSE.Pagamento.API\NSE.Pagamento.API.csproj", "{48620DBC-A209-4C1B-B413-B4B0DFFCA502}"
EndProject
Project("{2150E333-8FDC-42A3-9474-1A3956D46DE8}") = "Pedido", "Pedido", "{0C3C98B2-7572-44DB-99F8-F38BF02CE40B}"
EndProject
Project("{9A19103F-16F7-4668-BE54-9A1E7A4F7556}") = "NSE.Pedido.API", "src\services\NSE.Pedido.API\NSE.Pedido.API.csproj", "{EB247EE6-EA28-45EA-AA60-1B75C493EE9F}"
EndProject
Project("{2150E333-8FDC-42A3-9474-1A3956D46DE8}") = "Services", "Services", "{6A305D81-F7ED-4154-AF1A-519791811769}"
EndProject
Project("{9A19103F-16F7-4668-BE54-9A1E7A4F7556}") = "NSE.WebApi.Core", "src\building blocks\NSE.WebApi.Core\NSE.WebApi.Core.csproj", "{56A32C99-BE29-4E2C-ACAB-048FD2508B19}"
EndProject
Project("{2150E333-8FDC-42A3-9474-1A3956D46DE8}") = "MessageBUs", "MessageBUs", "{483D9280-C252-4CF4-A501-1F2AC8DFFC1F}"
EndProject
Project("{FAE04EC0-301F-11D3-BF4B-00C04F79EFBC}") = "NSE.MessageBus", "src\building blocks\NSE.MessageBus\NSE.MessageBus.csproj", "{D6C73BD9-E446-4756-828A-63BA9D64270A}"
EndProject
Global
	GlobalSection(SolutionConfigurationPlatforms) = preSolution
		Debug|Any CPU = Debug|Any CPU
		Release|Any CPU = Release|Any CPU
	EndGlobalSection
	GlobalSection(ProjectConfigurationPlatforms) = postSolution
		{A2E98440-12C0-4C51-B31F-0587915CC932}.Debug|Any CPU.ActiveCfg = Debug|Any CPU
		{A2E98440-12C0-4C51-B31F-0587915CC932}.Debug|Any CPU.Build.0 = Debug|Any CPU
		{A2E98440-12C0-4C51-B31F-0587915CC932}.Release|Any CPU.ActiveCfg = Release|Any CPU
		{A2E98440-12C0-4C51-B31F-0587915CC932}.Release|Any CPU.Build.0 = Release|Any CPU
		{A155F39D-9792-42AE-A521-0E80479821D1}.Debug|Any CPU.ActiveCfg = Debug|Any CPU
		{A155F39D-9792-42AE-A521-0E80479821D1}.Debug|Any CPU.Build.0 = Debug|Any CPU
		{A155F39D-9792-42AE-A521-0E80479821D1}.Release|Any CPU.ActiveCfg = Release|Any CPU
		{A155F39D-9792-42AE-A521-0E80479821D1}.Release|Any CPU.Build.0 = Release|Any CPU
		{26FF11ED-EFED-40DD-9EE9-509389FE5009}.Debug|Any CPU.ActiveCfg = Debug|Any CPU
		{26FF11ED-EFED-40DD-9EE9-509389FE5009}.Debug|Any CPU.Build.0 = Debug|Any CPU
		{26FF11ED-EFED-40DD-9EE9-509389FE5009}.Release|Any CPU.ActiveCfg = Release|Any CPU
		{26FF11ED-EFED-40DD-9EE9-509389FE5009}.Release|Any CPU.Build.0 = Release|Any CPU
		{F98E5BF0-671B-411F-BF53-97CB5161D9A5}.Debug|Any CPU.ActiveCfg = Debug|Any CPU
		{F98E5BF0-671B-411F-BF53-97CB5161D9A5}.Debug|Any CPU.Build.0 = Debug|Any CPU
		{F98E5BF0-671B-411F-BF53-97CB5161D9A5}.Release|Any CPU.ActiveCfg = Release|Any CPU
		{F98E5BF0-671B-411F-BF53-97CB5161D9A5}.Release|Any CPU.Build.0 = Release|Any CPU
		{C8B39635-6D9B-4767-B706-D855BD134898}.Debug|Any CPU.ActiveCfg = Debug|Any CPU
		{C8B39635-6D9B-4767-B706-D855BD134898}.Debug|Any CPU.Build.0 = Debug|Any CPU
		{C8B39635-6D9B-4767-B706-D855BD134898}.Release|Any CPU.ActiveCfg = Release|Any CPU
		{C8B39635-6D9B-4767-B706-D855BD134898}.Release|Any CPU.Build.0 = Release|Any CPU
		{61166F46-81A4-49A2-A63B-A693ADA3D2A6}.Debug|Any CPU.ActiveCfg = Debug|Any CPU
		{61166F46-81A4-49A2-A63B-A693ADA3D2A6}.Debug|Any CPU.Build.0 = Debug|Any CPU
		{61166F46-81A4-49A2-A63B-A693ADA3D2A6}.Release|Any CPU.ActiveCfg = Release|Any CPU
		{61166F46-81A4-49A2-A63B-A693ADA3D2A6}.Release|Any CPU.Build.0 = Release|Any CPU
		{48620DBC-A209-4C1B-B413-B4B0DFFCA502}.Debug|Any CPU.ActiveCfg = Debug|Any CPU
		{48620DBC-A209-4C1B-B413-B4B0DFFCA502}.Debug|Any CPU.Build.0 = Debug|Any CPU
		{48620DBC-A209-4C1B-B413-B4B0DFFCA502}.Release|Any CPU.ActiveCfg = Release|Any CPU
		{48620DBC-A209-4C1B-B413-B4B0DFFCA502}.Release|Any CPU.Build.0 = Release|Any CPU
		{EB247EE6-EA28-45EA-AA60-1B75C493EE9F}.Debug|Any CPU.ActiveCfg = Debug|Any CPU
		{EB247EE6-EA28-45EA-AA60-1B75C493EE9F}.Debug|Any CPU.Build.0 = Debug|Any CPU
		{EB247EE6-EA28-45EA-AA60-1B75C493EE9F}.Release|Any CPU.ActiveCfg = Release|Any CPU
		{EB247EE6-EA28-45EA-AA60-1B75C493EE9F}.Release|Any CPU.Build.0 = Release|Any CPU
		{56A32C99-BE29-4E2C-ACAB-048FD2508B19}.Debug|Any CPU.ActiveCfg = Debug|Any CPU
		{56A32C99-BE29-4E2C-ACAB-048FD2508B19}.Debug|Any CPU.Build.0 = Debug|Any CPU
		{56A32C99-BE29-4E2C-ACAB-048FD2508B19}.Release|Any CPU.ActiveCfg = Release|Any CPU
		{56A32C99-BE29-4E2C-ACAB-048FD2508B19}.Release|Any CPU.Build.0 = Release|Any CPU
		{D6C73BD9-E446-4756-828A-63BA9D64270A}.Debug|Any CPU.ActiveCfg = Debug|Any CPU
		{D6C73BD9-E446-4756-828A-63BA9D64270A}.Debug|Any CPU.Build.0 = Debug|Any CPU
		{D6C73BD9-E446-4756-828A-63BA9D64270A}.Release|Any CPU.ActiveCfg = Release|Any CPU
		{D6C73BD9-E446-4756-828A-63BA9D64270A}.Release|Any CPU.Build.0 = Release|Any CPU
	EndGlobalSection
	GlobalSection(SolutionProperties) = preSolution
		HideSolutionNode = FALSE
	EndGlobalSection
	GlobalSection(NestedProjects) = preSolution
		{759377CC-B525-4DC8-AC91-2A38964243F5} = {4B9B8A66-A319-4434-B2BF-54F03652C64A}
		{84C497E5-2D58-4A0A-8DD9-09C3F9718A64} = {4B9B8A66-A319-4434-B2BF-54F03652C64A}
		{3FB543ED-6034-466E-911A-96F548E28A10} = {4B9B8A66-A319-4434-B2BF-54F03652C64A}
		{B7AEB6D8-6999-492D-B837-C0CCDC112B8D} = {84C497E5-2D58-4A0A-8DD9-09C3F9718A64}
		{A2E98440-12C0-4C51-B31F-0587915CC932} = {B7AEB6D8-6999-492D-B837-C0CCDC112B8D}
		{E76E8C5B-EA46-4C12-AF4B-19A2DDAA9AC0} = {3FB543ED-6034-466E-911A-96F548E28A10}
		{A155F39D-9792-42AE-A521-0E80479821D1} = {E76E8C5B-EA46-4C12-AF4B-19A2DDAA9AC0}
		{E7D9AB16-4A74-4E55-9BA3-11DCDD1E68EC} = {759377CC-B525-4DC8-AC91-2A38964243F5}
		{26FF11ED-EFED-40DD-9EE9-509389FE5009} = {E7D9AB16-4A74-4E55-9BA3-11DCDD1E68EC}
		{C8422CB0-559A-4234-8378-F5455A8C9427} = {84C497E5-2D58-4A0A-8DD9-09C3F9718A64}
		{F98E5BF0-671B-411F-BF53-97CB5161D9A5} = {C8422CB0-559A-4234-8378-F5455A8C9427}
		{31A5FE43-8985-44C7-A76B-4F27609D83F6} = {84C497E5-2D58-4A0A-8DD9-09C3F9718A64}
		{C8B39635-6D9B-4767-B706-D855BD134898} = {31A5FE43-8985-44C7-A76B-4F27609D83F6}
		{A09B4C30-BA05-4A49-AF21-89A02E795952} = {84C497E5-2D58-4A0A-8DD9-09C3F9718A64}
		{61166F46-81A4-49A2-A63B-A693ADA3D2A6} = {A09B4C30-BA05-4A49-AF21-89A02E795952}
		{4F0C1A42-1415-410A-AF3B-D2535A24AF37} = {84C497E5-2D58-4A0A-8DD9-09C3F9718A64}
		{48620DBC-A209-4C1B-B413-B4B0DFFCA502} = {4F0C1A42-1415-410A-AF3B-D2535A24AF37}
		{0C3C98B2-7572-44DB-99F8-F38BF02CE40B} = {84C497E5-2D58-4A0A-8DD9-09C3F9718A64}
		{EB247EE6-EA28-45EA-AA60-1B75C493EE9F} = {0C3C98B2-7572-44DB-99F8-F38BF02CE40B}
		{6A305D81-F7ED-4154-AF1A-519791811769} = {759377CC-B525-4DC8-AC91-2A38964243F5}
		{56A32C99-BE29-4E2C-ACAB-048FD2508B19} = {6A305D81-F7ED-4154-AF1A-519791811769}
		{483D9280-C252-4CF4-A501-1F2AC8DFFC1F} = {759377CC-B525-4DC8-AC91-2A38964243F5}
		{D6C73BD9-E446-4756-828A-63BA9D64270A} = {483D9280-C252-4CF4-A501-1F2AC8DFFC1F}
	EndGlobalSection
	GlobalSection(ExtensibilityGlobals) = postSolution
		SolutionGuid = {EDF6C506-71B4-4447-B1BC-523FBCF7F73F}
	EndGlobalSection
EndGlobal
